
Microsoft Visual Studio Solution File, Format Version 12.00
# Visual Studio Version 17
VisualStudioVersion = 17.6.33829.357
MinimumVisualStudioVersion = 10.0.40219.1
Project("{FAE04EC0-301F-11D3-BF4B-00C04F79EFBC}") = "LINQ_Demo", "LINQ_Demo\LINQ_Demo.csproj", "{068A0274-3D15-41EC-88F9-380F33DD4274}"
EndProject
Global
	GlobalSection(SolutionConfigurationPlatforms) = preSolution
		Debug|Any CPU = Debug|Any CPU
		Release|Any CPU = Release|Any CPU
	EndGlobalSection
	GlobalSection(ProjectConfigurationPlatforms) = postSolution
		{068A0274-3D15-41EC-88F9-380F33DD4274}.Debug|Any CPU.ActiveCfg = Debug|Any CPU
		{068A0274-3D15-41EC-88F9-380F33DD4274}.Debug|Any CPU.Build.0 = Debug|Any CPU
		{068A0274-3D15-41EC-88F9-380F33DD4274}.Release|Any CPU.ActiveCfg = Release|Any CPU
		{068A0274-3D15-41EC-88F9-380F33DD4274}.Release|Any CPU.Build.0 = Release|Any CPU
	EndGlobalSection
	GlobalSection(SolutionProperties) = preSolution
		HideSolutionNode = FALSE
	EndGlobalSection
	GlobalSection(ExtensibilityGlobals) = postSolution
		SolutionGuid = {72B8FAAE-6A1F-4614-8B41-820611187D61}
	EndGlobalSection
EndGlobal
