
Microsoft Visual Studio Solution File, Format Version 12.00
# Visual Studio Version 17
VisualStudioVersion = 17.6.33829.357
MinimumVisualStudioVersion = 10.0.40219.1
Project("{FAE04EC0-301F-11D3-BF4B-00C04F79EFBC}") = "MultithreadingDemo", "MultithreadingDemo\MultithreadingDemo.csproj", "{9B73CCD8-E554-47B5-8B3F-418EDADA7FE0}"
EndProject
Global
	GlobalSection(SolutionConfigurationPlatforms) = preSolution
		Debug|Any CPU = Debug|Any CPU
		Release|Any CPU = Release|Any CPU
	EndGlobalSection
	GlobalSection(ProjectConfigurationPlatforms) = postSolution
		{9B73CCD8-E554-47B5-8B3F-418EDADA7FE0}.Debug|Any CPU.ActiveCfg = Debug|Any CPU
		{9B73CCD8-E554-47B5-8B3F-418EDADA7FE0}.Debug|Any CPU.Build.0 = Debug|Any CPU
		{9B73CCD8-E554-47B5-8B3F-418EDADA7FE0}.Release|Any CPU.ActiveCfg = Release|Any CPU
		{9B73CCD8-E554-47B5-8B3F-418EDADA7FE0}.Release|Any CPU.Build.0 = Release|Any CPU
	EndGlobalSection
	GlobalSection(SolutionProperties) = preSolution
		HideSolutionNode = FALSE
	EndGlobalSection
	GlobalSection(ExtensibilityGlobals) = postSolution
		SolutionGuid = {2D21C847-0A6D-4152-A706-2C808C456133}
	EndGlobalSection
EndGlobal
